
Microsoft Visual Studio Solution File, Format Version 12.00
# Visual Studio Version 17
VisualStudioVersion = 17.5.33502.453
MinimumVisualStudioVersion = 10.0.40219.1
Project("{9A19103F-16F7-4668-BE54-9A1E7A4F7556}") = "VongQuay", "VongQuay\VongQuay.csproj", "{153411F1-A6FF-4722-BD6D-F4440F7E49C9}"
EndProject
Project("{9A19103F-16F7-4668-BE54-9A1E7A4F7556}") = "Domain", "Domain\Domain.csproj", "{0AC5AD68-DA5B-4694-ADA8-370F42613273}"
EndProject
Project("{9A19103F-16F7-4668-BE54-9A1E7A4F7556}") = "Repository", "Repository\Repository.csproj", "{B46670C3-172E-4ABF-95C3-BFB9D6FC9872}"
EndProject
Project("{9A19103F-16F7-4668-BE54-9A1E7A4F7556}") = "Services", "Services\Services.csproj", "{2767CBD8-4DD4-47D6-845B-34A553EB0DFA}"
EndProject
Global
	GlobalSection(SolutionConfigurationPlatforms) = preSolution
		Debug|Any CPU = Debug|Any CPU
		Release|Any CPU = Release|Any CPU
	EndGlobalSection
	GlobalSection(ProjectConfigurationPlatforms) = postSolution
		{153411F1-A6FF-4722-BD6D-F4440F7E49C9}.Debug|Any CPU.ActiveCfg = Debug|Any CPU
		{153411F1-A6FF-4722-BD6D-F4440F7E49C9}.Debug|Any CPU.Build.0 = Debug|Any CPU
		{153411F1-A6FF-4722-BD6D-F4440F7E49C9}.Release|Any CPU.ActiveCfg = Release|Any CPU
		{153411F1-A6FF-4722-BD6D-F4440F7E49C9}.Release|Any CPU.Build.0 = Release|Any CPU
		{0AC5AD68-DA5B-4694-ADA8-370F42613273}.Debug|Any CPU.ActiveCfg = Debug|Any CPU
		{0AC5AD68-DA5B-4694-ADA8-370F42613273}.Debug|Any CPU.Build.0 = Debug|Any CPU
		{0AC5AD68-DA5B-4694-ADA8-370F42613273}.Release|Any CPU.ActiveCfg = Release|Any CPU
		{0AC5AD68-DA5B-4694-ADA8-370F42613273}.Release|Any CPU.Build.0 = Release|Any CPU
		{B46670C3-172E-4ABF-95C3-BFB9D6FC9872}.Debug|Any CPU.ActiveCfg = Debug|Any CPU
		{B46670C3-172E-4ABF-95C3-BFB9D6FC9872}.Debug|Any CPU.Build.0 = Debug|Any CPU
		{B46670C3-172E-4ABF-95C3-BFB9D6FC9872}.Release|Any CPU.ActiveCfg = Release|Any CPU
		{B46670C3-172E-4ABF-95C3-BFB9D6FC9872}.Release|Any CPU.Build.0 = Release|Any CPU
		{2767CBD8-4DD4-47D6-845B-34A553EB0DFA}.Debug|Any CPU.ActiveCfg = Debug|Any CPU
		{2767CBD8-4DD4-47D6-845B-34A553EB0DFA}.Debug|Any CPU.Build.0 = Debug|Any CPU
		{2767CBD8-4DD4-47D6-845B-34A553EB0DFA}.Release|Any CPU.ActiveCfg = Release|Any CPU
		{2767CBD8-4DD4-47D6-845B-34A553EB0DFA}.Release|Any CPU.Build.0 = Release|Any CPU
	EndGlobalSection
	GlobalSection(SolutionProperties) = preSolution
		HideSolutionNode = FALSE
	EndGlobalSection
	GlobalSection(ExtensibilityGlobals) = postSolution
		SolutionGuid = {3BC16923-5BD5-414A-B4CC-EEABA362E87A}
	EndGlobalSection
EndGlobal
